
Microsoft Visual Studio Solution File, Format Version 12.00
# Visual Studio 15
VisualStudioVersion = 15.0.28307.539
MinimumVisualStudioVersion = 10.0.40219.1
Project("{FAE04EC0-301F-11D3-BF4B-00C04F79EFBC}") = "Airline", "Airline\Airline.csproj", "{5B101E22-A899-4F36-A091-3A112296ACE9}"
EndProject
Global
	GlobalSection(SolutionConfigurationPlatforms) = preSolution
		Debug|Any CPU = Debug|Any CPU
		Release|Any CPU = Release|Any CPU
	EndGlobalSection
	GlobalSection(ProjectConfigurationPlatforms) = postSolution
		{5B101E22-A899-4F36-A091-3A112296ACE9}.Debug|Any CPU.ActiveCfg = Debug|Any CPU
		{5B101E22-A899-4F36-A091-3A112296ACE9}.Debug|Any CPU.Build.0 = Debug|Any CPU
		{5B101E22-A899-4F36-A091-3A112296ACE9}.Release|Any CPU.ActiveCfg = Release|Any CPU
		{5B101E22-A899-4F36-A091-3A112296ACE9}.Release|Any CPU.Build.0 = Release|Any CPU
	EndGlobalSection
	GlobalSection(SolutionProperties) = preSolution
		HideSolutionNode = FALSE
	EndGlobalSection
	GlobalSection(ExtensibilityGlobals) = postSolution
		SolutionGuid = {0CDDFC49-E163-4B9D-9740-D591D366B8DE}
	EndGlobalSection
EndGlobal
